PODS:
  - Alamofire (4.8.2)
  - FSPagerView (0.8.2)
  - MarqueeLabel (4.0.0)
  - RongCloudIM/IMKit (2.8.32):
    - RongCloudIM/IMLib
  - RongCloudIM/IMLib (2.8.32)
  - Toast-Swift (5.0.0)

DEPENDENCIES:
  - Alamofire (~> 4.7)
  - FSPagerView
  - MarqueeLabel
  - RongCloudIM/IMKit (~> 2.8.3)
  - RongCloudIM/IMLib (~> 2.8.3)
  - Toast-Swift (~> 5.0.0)

SPEC REPOS:
  https://github.com/cocoapods/specs.git:
    - Alamofire
    - FSPagerView
    - MarqueeLabel
    - RongCloudIM
    - Toast-Swift

SPEC CHECKSUMS:
  Alamofire: ae5c501addb7afdbb13687d7f2f722c78734c2d3
  FSPagerView: 816a18842306973cc7cc6df8a5332272f7815c30
  MarqueeLabel: b55b26e690b6ad41faedd95cbf5eae6f1d1735b4
  RongCloudIM: 48bfc2fcb8d7cae8ce1e19cb5fb26d6d90616375
  Toast-Swift: 36f4720243c8582c2be243a60a51e193c761f541

PODFILE CHECKSUM: df361cd92314a1cb3a8fb396bda2246df3b3395a

COCOAPODS: 1.7.5
