PODS:
  - Alamofire (4.9.0)
  - DynamicBlurView (4.0.0)
  - FSPagerView (0.8.3)
  - MarqueeLabel (4.0.0)
  - PopupDialog (1.1.1):
    - DynamicBlurView (~> 4.0)
  - RongCloudIM/IMKit (2.9.25):
    - RongCloudIM/IMLib
  - RongCloudIM/IMLib (2.9.25)
  - RongCloudIM/Sight (2.9.25):
    - RongCloudIM/IMLib
  - RongCloudRTC/RongCallKit (2.9.25):
    - RongCloudIM/IMKit (~> 2.9.25)
    - RongCloudIM/IMLib (~> 2.9.25)
    - RongCloudRTC/RongCallLib
  - RongCloudRTC/RongCallLib (2.9.25):
    - RongCloudIM/IMLib (~> 2.9.25)
  - SDWebImage (5.2.3):
    - SDWebImage/Core (= 5.2.3)
  - SDWebImage/Core (5.2.3)
  - Toast-Swift (5.0.0)
  - WechatOpenSDK (1.8.6)

DEPENDENCIES:
  - Alamofire (~> 4.7)
  - FSPagerView
  - MarqueeLabel
  - PopupDialog (~> 1.1)
  - RongCloudIM/IMKit (~> 2.9.20)
  - RongCloudIM/IMLib (~> 2.9.20)
  - RongCloudIM/Sight (~> 2.9.20)
  - RongCloudRTC/RongCallKit (~> 2.9.20)
  - RongCloudRTC/RongCallLib (~> 2.9.20)
  - SDWebImage (~> 5.0)
  - Toast-Swift (~> 5.0.0)
  - WechatOpenSDK

SPEC REPOS:
  https://mirrors.tuna.tsinghua.edu.cn/git/CocoaPods/Specs.git:
    - Alamofire
    - DynamicBlurView
    - FSPagerView
    - MarqueeLabel
    - PopupDialog
    - RongCloudIM
    - RongCloudRTC
    - SDWebImage
    - Toast-Swift
    - WechatOpenSDK

SPEC CHECKSUMS:
  Alamofire: afc3e7c6db61476cb45cdd23fed06bad03bbc321
  DynamicBlurView: ccf9acd2b20c883cc2c72e3524a04d8d3ee20533
  FSPagerView: 670405b2f18e2a87fa37f20b00de783e562c25a8
  MarqueeLabel: b55b26e690b6ad41faedd95cbf5eae6f1d1735b4
  PopupDialog: 720c92befd8bc23c13442254945213db5612f149
  RongCloudIM: cd6836aa86fbf6c02f7b6b5c895ea4caa894d67f
  RongCloudRTC: 561024c315d3726a67e718fb99b59e50e4a5ee6c
  SDWebImage: 46a7f73228f84ce80990c786e4372cf4db5875ce
  Toast-Swift: 36f4720243c8582c2be243a60a51e193c761f541
  WechatOpenSDK: 368ae03b72ee3ea1328c4f11326fbb5d2721d118

PODFILE CHECKSUM: 0d168619b4465f7124b4fb6db8b5d3c203a69df3

COCOAPODS: 1.8.4
