// !$*UTF8*$!
{
	archiveVersion = 1;
	classes = {
	};
	objectVersion = 51;
	objects = {

/* Begin PBXBuildFile section */
		05025319230201C800E8F3FE /* FabutieziViewController.swift in Sources */ = {isa = PBXBuildFile; fileRef = 05025318230201C800E8F3FE /* FabutieziViewController.swift */; };
		0502531B230201D700E8F3FE /* FabugentieViewController.swift in Sources */ = {isa = PBXBuildFile; fileRef = 0502531A230201D700E8F3FE /* FabugentieViewController.swift */; };
		05090C5E2328F90C00DAB476 /* SomeonesluntanViewController.swift in Sources */ = {isa = PBXBuildFile; fileRef = 05090C5D2328F90C00DAB476 /* SomeonesluntanViewController.swift */; };
		05090C6023295CF600DAB476 /* BlackListViewController.swift in Sources */ = {isa = PBXBuildFile; fileRef = 05090C5F23295CF600DAB476 /* BlackListViewController.swift */; };
		05090C622329675300DAB476 /* BlackListData.swift in Sources */ = {isa = PBXBuildFile; fileRef = 05090C612329675300DAB476 /* BlackListData.swift */; };
		05090C64232967FF00DAB476 /* BlackListTableViewCell.swift in Sources */ = {isa = PBXBuildFile; fileRef = 05090C63232967FF00DAB476 /* BlackListTableViewCell.swift */; };
		05090C6623298F9B00DAB476 /* Uniquelogin.swift in Sources */ = {isa = PBXBuildFile; fileRef = 05090C6523298F9B00DAB476 /* Uniquelogin.swift */; };
		05090C6A232A3CFF00DAB476 /* HelpCenterViewController.swift in Sources */ = {isa = PBXBuildFile; fileRef = 05090C69232A3CFF00DAB476 /* HelpCenterViewController.swift */; };
		05090C6C232A3F4A00DAB476 /* SliderWebviewViewController.swift in Sources */ = {isa = PBXBuildFile; fileRef = 05090C6B232A3F4A00DAB476 /* SliderWebviewViewController.swift */; };
		050C87D822FE6B2A0019D9B0 /* LuntanViewController.swift in Sources */ = {isa = PBXBuildFile; fileRef = 050C87D722FE6B2A0019D9B0 /* LuntanViewController.swift */; };
		050C87DA22FEE7040019D9B0 /* DongtaiTableViewCell.swift in Sources */ = {isa = PBXBuildFile; fileRef = 050C87D922FEE7040019D9B0 /* DongtaiTableViewCell.swift */; };
		050C87DC22FF12A50019D9B0 /* DongtaiData.swift in Sources */ = {isa = PBXBuildFile; fileRef = 050C87DB22FF12A50019D9B0 /* DongtaiData.swift */; };
		05115BC822EF853C00D7632A /* Personal.storyboard in Resources */ = {isa = PBXBuildFile; fileRef = 05115BC722EF853C00D7632A /* Personal.storyboard */; };
		05115BCA22EF855B00D7632A /* PersonalViewController.swift in Sources */ = {isa = PBXBuildFile; fileRef = 05115BC922EF855B00D7632A /* PersonalViewController.swift */; };
		05115BCC22F031BE00D7632A /* SousuoViewController.swift in Sources */ = {isa = PBXBuildFile; fileRef = 05115BCB22F031BE00D7632A /* SousuoViewController.swift */; };
		05115BCE22F03C5400D7632A /* SousuoResultViewController.swift in Sources */ = {isa = PBXBuildFile; fileRef = 05115BCD22F03C5400D7632A /* SousuoResultViewController.swift */; };
		05115BD022F03CBC00D7632A /* SousuoTableViewCell.swift in Sources */ = {isa = PBXBuildFile; fileRef = 05115BCF22F03CBC00D7632A /* SousuoTableViewCell.swift */; };
		05115BD222F03CF600D7632A /* SousuoResult.swift in Sources */ = {isa = PBXBuildFile; fileRef = 05115BD122F03CF600D7632A /* SousuoResult.swift */; };
		05115BD422FC1CFE00D7632A /* FriendsData.swift in Sources */ = {isa = PBXBuildFile; fileRef = 05115BD322FC1CFE00D7632A /* FriendsData.swift */; };
		05115BD622FC1E0F00D7632A /* FriendsTableViewCell.swift in Sources */ = {isa = PBXBuildFile; fileRef = 05115BD522FC1E0F00D7632A /* FriendsTableViewCell.swift */; };
		05115BD922FCD4DF00D7632A /* ChatViewController.swift in Sources */ = {isa = PBXBuildFile; fileRef = 05115BD822FCD4DF00D7632A /* ChatViewController.swift */; };
		05115BDD22FE056A00D7632A /* NewFriendViewController.swift in Sources */ = {isa = PBXBuildFile; fileRef = 05115BDC22FE056A00D7632A /* NewFriendViewController.swift */; };
		05115BDF22FE076000D7632A /* NewFriendData.swift in Sources */ = {isa = PBXBuildFile; fileRef = 05115BDE22FE076000D7632A /* NewFriendData.swift */; };
		05115BE122FE097C00D7632A /* NewFriendTableViewCell.swift in Sources */ = {isa = PBXBuildFile; fileRef = 05115BE022FE097C00D7632A /* NewFriendTableViewCell.swift */; };
		05119F272307622F00545CF3 /* BuyvipViewController.swift in Sources */ = {isa = PBXBuildFile; fileRef = 05119F262307622F00545CF3 /* BuyvipViewController.swift */; };
		05119F292307624D00545CF3 /* BuyvipTableViewCell.swift in Sources */ = {isa = PBXBuildFile; fileRef = 05119F282307624D00545CF3 /* BuyvipTableViewCell.swift */; };
		05119F2B230762F100545CF3 /* BuyvipData.swift in Sources */ = {isa = PBXBuildFile; fileRef = 05119F2A230762F100545CF3 /* BuyvipData.swift */; };
		0512F530230380F200237ABC /* CircleViewController.swift in Sources */ = {isa = PBXBuildFile; fileRef = 0512F52F230380F200237ABC /* CircleViewController.swift */; };
		0512F532230388B100237ABC /* SawmeViewController.swift in Sources */ = {isa = PBXBuildFile; fileRef = 0512F531230388B100237ABC /* SawmeViewController.swift */; };
		0512F5342303A4BE00237ABC /* ResetViewController.swift in Sources */ = {isa = PBXBuildFile; fileRef = 0512F5332303A4BE00237ABC /* ResetViewController.swift */; };
		0512F5362303A69000237ABC /* ResetPersonalInfoViewController.swift in Sources */ = {isa = PBXBuildFile; fileRef = 0512F5352303A69000237ABC /* ResetPersonalInfoViewController.swift */; };
		0512F5382306748400237ABC /* SettingViewController.swift in Sources */ = {isa = PBXBuildFile; fileRef = 0512F5372306748400237ABC /* SettingViewController.swift */; };
		051509CA230DF62B00D7DAEA /* FindPasswordViewController.swift in Sources */ = {isa = PBXBuildFile; fileRef = 051509C9230DF62B00D7DAEA /* FindPasswordViewController.swift */; };
		051FD029230F888400A374D3 /* Assets.xcassets in Resources */ = {isa = PBXBuildFile; fileRef = 05C9B86F22E6D6AA0075364D /* Assets.xcassets */; };
		051FD02B230FD9CF00A374D3 /* PersonalPostViewController.swift in Sources */ = {isa = PBXBuildFile; fileRef = 051FD02A230FD9CF00A374D3 /* PersonalPostViewController.swift */; };
		0522B1192300184B00D710C5 /* FabudongtaiViewController.swift in Sources */ = {isa = PBXBuildFile; fileRef = 0522B1182300184B00D710C5 /* FabudongtaiViewController.swift */; };
		053F3EE922ECD760004C4864 /* TableViewCellShenbian.swift in Sources */ = {isa = PBXBuildFile; fileRef = 053F3EE822ECD760004C4864 /* TableViewCellShenbian.swift */; };
		053F3EEB22ECD788004C4864 /* ShenBianData.swift in Sources */ = {isa = PBXBuildFile; fileRef = 053F3EEA22ECD788004C4864 /* ShenBianData.swift */; };
		0542B99A22E77CBD00E1AC34 /* Main1.storyboard in Resources */ = {isa = PBXBuildFile; fileRef = 0542B99922E77CBD00E1AC34 /* Main1.storyboard */; };
		0542B99C22E77CCF00E1AC34 /* Main2.storyboard in Resources */ = {isa = PBXBuildFile; fileRef = 0542B99B22E77CCF00E1AC34 /* Main2.storyboard */; };
		0542B99E22E77CDD00E1AC34 /* Main3.storyboard in Resources */ = {isa = PBXBuildFile; fileRef = 0542B99D22E77CDD00E1AC34 /* Main3.storyboard */; };
		0542B9A022E77CE900E1AC34 /* Main4.storyboard in Resources */ = {isa = PBXBuildFile; fileRef = 0542B99F22E77CE900E1AC34 /* Main4.storyboard */; };
		0542B9A222E77CF400E1AC34 /* Main5.storyboard in Resources */ = {isa = PBXBuildFile; fileRef = 0542B9A122E77CF400E1AC34 /* Main5.storyboard */; };
		055A55AB2339A142008A341D /* PrivateSettingViewController.swift in Sources */ = {isa = PBXBuildFile; fileRef = 055A55AA2339A142008A341D /* PrivateSettingViewController.swift */; };
		057B1FCA22EA8DFA000B8811 /* Main1ViewController.swift in Sources */ = {isa = PBXBuildFile; fileRef = 057B1FC922EA8DFA000B8811 /* Main1ViewController.swift */; };
		057B1FCC22EA8E18000B8811 /* SignInViewController.swift in Sources */ = {isa = PBXBuildFile; fileRef = 057B1FCB22EA8E18000B8811 /* SignInViewController.swift */; };
		057B1FCE22EA8E27000B8811 /* SignUpViewController.swift in Sources */ = {isa = PBXBuildFile; fileRef = 057B1FCD22EA8E27000B8811 /* SignUpViewController.swift */; };
		057B1FD022EA8E36000B8811 /* UserSetViewController.swift in Sources */ = {isa = PBXBuildFile; fileRef = 057B1FCF22EA8E36000B8811 /* UserSetViewController.swift */; };
		057B1FD322EA9072000B8811 /* Main2ViewController.swift in Sources */ = {isa = PBXBuildFile; fileRef = 057B1FD222EA9072000B8811 /* Main2ViewController.swift */; };
		057B1FD622EA9096000B8811 /* Main3ViewController.swift in Sources */ = {isa = PBXBuildFile; fileRef = 057B1FD522EA9096000B8811 /* Main3ViewController.swift */; };
		057B1FD922EA90AE000B8811 /* Main4ViewController.swift in Sources */ = {isa = PBXBuildFile; fileRef = 057B1FD822EA90AE000B8811 /* Main4ViewController.swift */; };
		057B1FDC22EA90ED000B8811 /* Main5ViewController.swift in Sources */ = {isa = PBXBuildFile; fileRef = 057B1FDB22EA90ED000B8811 /* Main5ViewController.swift */; };
		057B1FDE22EA99A2000B8811 /* AlterButton.swift in Sources */ = {isa = PBXBuildFile; fileRef = 057B1FDD22EA99A2000B8811 /* AlterButton.swift */; };
		057B1FE022EB9523000B8811 /* CoreLocation.framework in Frameworks */ = {isa = PBXBuildFile; fileRef = 057B1FDF22EB9523000B8811 /* CoreLocation.framework */; };
		058218952300EA5D0032B86C /* LuntanTableViewCell.swift in Sources */ = {isa = PBXBuildFile; fileRef = 058218942300EA5D0032B86C /* LuntanTableViewCell.swift */; };
		05A57E6A2301D5F3001BC0F0 /* PostlistData.swift in Sources */ = {isa = PBXBuildFile; fileRef = 05A57E692301D5F3001BC0F0 /* PostlistData.swift */; };
		05A77F55230168FE0010BC83 /* PostheadTableViewCell.swift in Sources */ = {isa = PBXBuildFile; fileRef = 05A77F54230168FE0010BC83 /* PostheadTableViewCell.swift */; };
		05A77F572301690D0010BC83 /* PostlistTableViewCell.swift in Sources */ = {isa = PBXBuildFile; fileRef = 05A77F562301690D0010BC83 /* PostlistTableViewCell.swift */; };
		05A77F5923016D540010BC83 /* PostlistViewController.swift in Sources */ = {isa = PBXBuildFile; fileRef = 05A77F5823016D540010BC83 /* PostlistViewController.swift */; };
		05AAC636233FB44F0000C8BB /* ConversationSettingViewController.swift in Sources */ = {isa = PBXBuildFile; fileRef = 05AAC635233FB44F0000C8BB /* ConversationSettingViewController.swift */; };
		05AAC63D2346AA8F0000C8BB /* RongContactCard.framework in Frameworks */ = {isa = PBXBuildFile; fileRef = 05AAC63C2346AA8F0000C8BB /* RongContactCard.framework */; };
		05AAC63E2346AAAA0000C8BB /* RongContactCard.framework in Sources */ = {isa = PBXBuildFile; fileRef = 05AAC63C2346AA8F0000C8BB /* RongContactCard.framework */; settings = {COMPILER_FLAGS = "-ObjC"; }; };
		05C9B86922E6D6A90075364D /* AppDelegate.swift in Sources */ = {isa = PBXBuildFile; fileRef = 05C9B86822E6D6A90075364D /* AppDelegate.swift */; };
		05C9B86B22E6D6A90075364D /* ViewController.swift in Sources */ = {isa = PBXBuildFile; fileRef = 05C9B86A22E6D6A90075364D /* ViewController.swift */; };
		05C9B86E22E6D6A90075364D /* Main.storyboard in Resources */ = {isa = PBXBuildFile; fileRef = 05C9B86C22E6D6A90075364D /* Main.storyboard */; };
		05C9B87322E6D6AA0075364D /* LaunchScreen.storyboard in Resources */ = {isa = PBXBuildFile; fileRef = 05C9B87122E6D6AA0075364D /* LaunchScreen.storyboard */; };
		05CB09C32326494C004036E6 /* addr_china.json in Resources */ = {isa = PBXBuildFile; fileRef = 05CB09C12326494B004036E6 /* addr_china.json */; };
		05CB09C42326494C004036E6 /* addr_china_selected.json in Resources */ = {isa = PBXBuildFile; fileRef = 05CB09C22326494C004036E6 /* addr_china_selected.json */; };
		05CDEB9B232810FE00424224 /* InformReasonViewController.swift in Sources */ = {isa = PBXBuildFile; fileRef = 05CDEB9A232810FE00424224 /* InformReasonViewController.swift */; };
		05E3C58323004AF700BB8B05 /* LuntanData.swift in Sources */ = {isa = PBXBuildFile; fileRef = 05E3C58223004AF700BB8B05 /* LuntanData.swift */; };
		740B4CAEF0DF76821B768B06 /* Pods_BeiBeiWu.framework in Frameworks */ = {isa = PBXBuildFile; fileRef = EF485232730B18E4C7AEA4B8 /* Pods_BeiBeiWu.framework */; };
/* End PBXBuildFile section */

/* Begin PBXFileReference section */
		05025318230201C800E8F3FE /* FabutieziViewController.swift */ = {isa = PBXFileReference; lastKnownFileType = sourcecode.swift; path = FabutieziViewController.swift; sourceTree = "<group>"; };
		0502531A230201D700E8F3FE /* FabugentieViewController.swift */ = {isa = PBXFileReference; lastKnownFileType = sourcecode.swift; path = FabugentieViewController.swift; sourceTree = "<group>"; };
		05090C5D2328F90C00DAB476 /* SomeonesluntanViewController.swift */ = {isa = PBXFileReference; lastKnownFileType = sourcecode.swift; path = SomeonesluntanViewController.swift; sourceTree = "<group>"; };
		05090C5F23295CF600DAB476 /* BlackListViewController.swift */ = {isa = PBXFileReference; lastKnownFileType = sourcecode.swift; path = BlackListViewController.swift; sourceTree = "<group>"; };
		05090C612329675300DAB476 /* BlackListData.swift */ = {isa = PBXFileReference; lastKnownFileType = sourcecode.swift; path = BlackListData.swift; sourceTree = "<group>"; };
		05090C63232967FF00DAB476 /* BlackListTableViewCell.swift */ = {isa = PBXFileReference; lastKnownFileType = sourcecode.swift; path = BlackListTableViewCell.swift; sourceTree = "<group>"; };
		05090C6523298F9B00DAB476 /* Uniquelogin.swift */ = {isa = PBXFileReference; lastKnownFileType = sourcecode.swift; path = Uniquelogin.swift; sourceTree = "<group>"; };
		05090C69232A3CFF00DAB476 /* HelpCenterViewController.swift */ = {isa = PBXFileReference; lastKnownFileType = sourcecode.swift; path = HelpCenterViewController.swift; sourceTree = "<group>"; };
		05090C6B232A3F4A00DAB476 /* SliderWebviewViewController.swift */ = {isa = PBXFileReference; lastKnownFileType = sourcecode.swift; path = SliderWebviewViewController.swift; sourceTree = "<group>"; };
		050C87D722FE6B2A0019D9B0 /* LuntanViewController.swift */ = {isa = PBXFileReference; lastKnownFileType = sourcecode.swift; path = LuntanViewController.swift; sourceTree = "<group>"; };
		050C87D922FEE7040019D9B0 /* DongtaiTableViewCell.swift */ = {isa = PBXFileReference; lastKnownFileType = sourcecode.swift; path = DongtaiTableViewCell.swift; sourceTree = "<group>"; };
		050C87DB22FF12A50019D9B0 /* DongtaiData.swift */ = {isa = PBXFileReference; lastKnownFileType = sourcecode.swift; path = DongtaiData.swift; sourceTree = "<group>"; };
		05115BC722EF853C00D7632A /* Personal.storyboard */ = {isa = PBXFileReference; lastKnownFileType = file.storyboard; path = Personal.storyboard; sourceTree = "<group>"; };
		05115BC922EF855B00D7632A /* PersonalViewController.swift */ = {isa = PBXFileReference; lastKnownFileType = sourcecode.swift; path = PersonalViewController.swift; sourceTree = "<group>"; };
		05115BCB22F031BE00D7632A /* SousuoViewController.swift */ = {isa = PBXFileReference; lastKnownFileType = sourcecode.swift; path = SousuoViewController.swift; sourceTree = "<group>"; };
		05115BCD22F03C5400D7632A /* SousuoResultViewController.swift */ = {isa = PBXFileReference; lastKnownFileType = sourcecode.swift; path = SousuoResultViewController.swift; sourceTree = "<group>"; };
		05115BCF22F03CBC00D7632A /* SousuoTableViewCell.swift */ = {isa = PBXFileReference; lastKnownFileType = sourcecode.swift; path = SousuoTableViewCell.swift; sourceTree = "<group>"; };
		05115BD122F03CF600D7632A /* SousuoResult.swift */ = {isa = PBXFileReference; lastKnownFileType = sourcecode.swift; path = SousuoResult.swift; sourceTree = "<group>"; };
		05115BD322FC1CFE00D7632A /* FriendsData.swift */ = {isa = PBXFileReference; lastKnownFileType = sourcecode.swift; path = FriendsData.swift; sourceTree = "<group>"; };
		05115BD522FC1E0F00D7632A /* FriendsTableViewCell.swift */ = {isa = PBXFileReference; lastKnownFileType = sourcecode.swift; path = FriendsTableViewCell.swift; sourceTree = "<group>"; };
		05115BD722FC9F5A00D7632A /* Bridging-Header.h */ = {isa = PBXFileReference; lastKnownFileType = sourcecode.c.h; path = "Bridging-Header.h"; sourceTree = "<group>"; };
		05115BD822FCD4DF00D7632A /* ChatViewController.swift */ = {isa = PBXFileReference; lastKnownFileType = sourcecode.swift; path = ChatViewController.swift; sourceTree = "<group>"; };
		05115BDC22FE056A00D7632A /* NewFriendViewController.swift */ = {isa = PBXFileReference; lastKnownFileType = sourcecode.swift; path = NewFriendViewController.swift; sourceTree = "<group>"; };
		05115BDE22FE076000D7632A /* NewFriendData.swift */ = {isa = PBXFileReference; lastKnownFileType = sourcecode.swift; path = NewFriendData.swift; sourceTree = "<group>"; };
		05115BE022FE097C00D7632A /* NewFriendTableViewCell.swift */ = {isa = PBXFileReference; lastKnownFileType = sourcecode.swift; path = NewFriendTableViewCell.swift; sourceTree = "<group>"; };
		05119F262307622F00545CF3 /* BuyvipViewController.swift */ = {isa = PBXFileReference; lastKnownFileType = sourcecode.swift; path = BuyvipViewController.swift; sourceTree = "<group>"; };
		05119F282307624D00545CF3 /* BuyvipTableViewCell.swift */ = {isa = PBXFileReference; lastKnownFileType = sourcecode.swift; path = BuyvipTableViewCell.swift; sourceTree = "<group>"; };
		05119F2A230762F100545CF3 /* BuyvipData.swift */ = {isa = PBXFileReference; lastKnownFileType = sourcecode.swift; path = BuyvipData.swift; sourceTree = "<group>"; };
		05119F2C230AE30E00545CF3 /* BeiBeiWu.entitlements */ = {isa = PBXFileReference; lastKnownFileType = text.plist.entitlements; path = BeiBeiWu.entitlements; sourceTree = "<group>"; };
		0512F52F230380F200237ABC /* CircleViewController.swift */ = {isa = PBXFileReference; lastKnownFileType = sourcecode.swift; path = CircleViewController.swift; sourceTree = "<group>"; };
		0512F531230388B100237ABC /* SawmeViewController.swift */ = {isa = PBXFileReference; lastKnownFileType = sourcecode.swift; path = SawmeViewController.swift; sourceTree = "<group>"; };
		0512F5332303A4BE00237ABC /* ResetViewController.swift */ = {isa = PBXFileReference; lastKnownFileType = sourcecode.swift; path = ResetViewController.swift; sourceTree = "<group>"; };
		0512F5352303A69000237ABC /* ResetPersonalInfoViewController.swift */ = {isa = PBXFileReference; lastKnownFileType = sourcecode.swift; path = ResetPersonalInfoViewController.swift; sourceTree = "<group>"; };
		0512F5372306748400237ABC /* SettingViewController.swift */ = {isa = PBXFileReference; lastKnownFileType = sourcecode.swift; path = SettingViewController.swift; sourceTree = "<group>"; };
		051509C9230DF62B00D7DAEA /* FindPasswordViewController.swift */ = {isa = PBXFileReference; lastKnownFileType = sourcecode.swift; path = FindPasswordViewController.swift; sourceTree = "<group>"; };
		051FD02A230FD9CF00A374D3 /* PersonalPostViewController.swift */ = {isa = PBXFileReference; lastKnownFileType = sourcecode.swift; path = PersonalPostViewController.swift; sourceTree = "<group>"; };
		0522B1182300184B00D710C5 /* FabudongtaiViewController.swift */ = {isa = PBXFileReference; lastKnownFileType = sourcecode.swift; path = FabudongtaiViewController.swift; sourceTree = "<group>"; };
		0530FD8022EE3B3F00E312D5 /* FSPagerView.framework */ = {isa = PBXFileReference; explicitFileType = wrapper.framework; path = FSPagerView.framework; sourceTree = BUILT_PRODUCTS_DIR; };
		053F3EE822ECD760004C4864 /* TableViewCellShenbian.swift */ = {isa = PBXFileReference; lastKnownFileType = sourcecode.swift; path = TableViewCellShenbian.swift; sourceTree = "<group>"; };
		053F3EEA22ECD788004C4864 /* ShenBianData.swift */ = {isa = PBXFileReference; lastKnownFileType = sourcecode.swift; path = ShenBianData.swift; sourceTree = "<group>"; };
		0542B99922E77CBD00E1AC34 /* Main1.storyboard */ = {isa = PBXFileReference; lastKnownFileType = file.storyboard; path = Main1.storyboard; sourceTree = "<group>"; };
		0542B99B22E77CCF00E1AC34 /* Main2.storyboard */ = {isa = PBXFileReference; lastKnownFileType = file.storyboard; path = Main2.storyboard; sourceTree = "<group>"; };
		0542B99D22E77CDD00E1AC34 /* Main3.storyboard */ = {isa = PBXFileReference; lastKnownFileType = file.storyboard; path = Main3.storyboard; sourceTree = "<group>"; };
		0542B99F22E77CE900E1AC34 /* Main4.storyboard */ = {isa = PBXFileReference; lastKnownFileType = file.storyboard; path = Main4.storyboard; sourceTree = "<group>"; };
		0542B9A122E77CF400E1AC34 /* Main5.storyboard */ = {isa = PBXFileReference; lastKnownFileType = file.storyboard; path = Main5.storyboard; sourceTree = "<group>"; };
		055A55AA2339A142008A341D /* PrivateSettingViewController.swift */ = {isa = PBXFileReference; lastKnownFileType = sourcecode.swift; path = PrivateSettingViewController.swift; sourceTree = "<group>"; };
		057B1FC922EA8DFA000B8811 /* Main1ViewController.swift */ = {isa = PBXFileReference; lastKnownFileType = sourcecode.swift; path = Main1ViewController.swift; sourceTree = "<group>"; };
		057B1FCB22EA8E18000B8811 /* SignInViewController.swift */ = {isa = PBXFileReference; lastKnownFileType = sourcecode.swift; path = SignInViewController.swift; sourceTree = "<group>"; };
		057B1FCD22EA8E27000B8811 /* SignUpViewController.swift */ = {isa = PBXFileReference; lastKnownFileType = sourcecode.swift; path = SignUpViewController.swift; sourceTree = "<group>"; };
		057B1FCF22EA8E36000B8811 /* UserSetViewController.swift */ = {isa = PBXFileReference; lastKnownFileType = sourcecode.swift; path = UserSetViewController.swift; sourceTree = "<group>"; };
		057B1FD222EA9072000B8811 /* Main2ViewController.swift */ = {isa = PBXFileReference; lastKnownFileType = sourcecode.swift; path = Main2ViewController.swift; sourceTree = "<group>"; };
		057B1FD522EA9096000B8811 /* Main3ViewController.swift */ = {isa = PBXFileReference; lastKnownFileType = sourcecode.swift; path = Main3ViewController.swift; sourceTree = "<group>"; };
		057B1FD822EA90AE000B8811 /* Main4ViewController.swift */ = {isa = PBXFileReference; lastKnownFileType = sourcecode.swift; path = Main4ViewController.swift; sourceTree = "<group>"; };
		057B1FDB22EA90ED000B8811 /* Main5ViewController.swift */ = {isa = PBXFileReference; lastKnownFileType = sourcecode.swift; path = Main5ViewController.swift; sourceTree = "<group>"; };
		057B1FDD22EA99A2000B8811 /* AlterButton.swift */ = {isa = PBXFileReference; lastKnownFileType = sourcecode.swift; path = AlterButton.swift; sourceTree = "<group>"; };
		057B1FDF22EB9523000B8811 /* CoreLocation.framework */ = {isa = PBXFileReference; lastKnownFileType = wrapper.framework; name = CoreLocation.framework; path = System/Library/Frameworks/CoreLocation.framework; sourceTree = SDKROOT; };
		058218942300EA5D0032B86C /* LuntanTableViewCell.swift */ = {isa = PBXFileReference; lastKnownFileType = sourcecode.swift; path = LuntanTableViewCell.swift; sourceTree = "<group>"; };
		05A57E692301D5F3001BC0F0 /* PostlistData.swift */ = {isa = PBXFileReference; lastKnownFileType = sourcecode.swift; path = PostlistData.swift; sourceTree = "<group>"; };
		05A77F54230168FE0010BC83 /* PostheadTableViewCell.swift */ = {isa = PBXFileReference; lastKnownFileType = sourcecode.swift; path = PostheadTableViewCell.swift; sourceTree = "<group>"; };
		05A77F562301690D0010BC83 /* PostlistTableViewCell.swift */ = {isa = PBXFileReference; lastKnownFileType = sourcecode.swift; path = PostlistTableViewCell.swift; sourceTree = "<group>"; };
		05A77F5823016D540010BC83 /* PostlistViewController.swift */ = {isa = PBXFileReference; lastKnownFileType = sourcecode.swift; path = PostlistViewController.swift; sourceTree = "<group>"; };
		05AAC635233FB44F0000C8BB /* ConversationSettingViewController.swift */ = {isa = PBXFileReference; lastKnownFileType = sourcecode.swift; path = ConversationSettingViewController.swift; sourceTree = "<group>"; };
		05AAC63C2346AA8F0000C8BB /* RongContactCard.framework */ = {isa = PBXFileReference; lastKnownFileType = wrapper.framework; path = RongContactCard.framework; sourceTree = "<group>"; };
		05C9B86522E6D6A90075364D /* BeiBeiWu.app */ = {isa = PBXFileReference; explicitFileType = wrapper.application; includeInIndex = 0; path = BeiBeiWu.app; sourceTree = BUILT_PRODUCTS_DIR; };
		05C9B86822E6D6A90075364D /* AppDelegate.swift */ = {isa = PBXFileReference; lastKnownFileType = sourcecode.swift; path = AppDelegate.swift; sourceTree = "<group>"; };
		05C9B86A22E6D6A90075364D /* ViewController.swift */ = {isa = PBXFileReference; lastKnownFileType = sourcecode.swift; path = ViewController.swift; sourceTree = "<group>"; };
		05C9B86D22E6D6A90075364D /* Base */ = {isa = PBXFileReference; lastKnownFileType = file.storyboard; name = Base; path = Base.lproj/Main.storyboard; sourceTree = "<group>"; };
		05C9B86F22E6D6AA0075364D /* Assets.xcassets */ = {isa = PBXFileReference; lastKnownFileType = folder.assetcatalog; path = Assets.xcassets; sourceTree = "<group>"; };
		05C9B87222E6D6AA0075364D /* Base */ = {isa = PBXFileReference; lastKnownFileType = file.storyboard; name = Base; path = Base.lproj/LaunchScreen.storyboard; sourceTree = "<group>"; };
		05C9B87422E6D6AA0075364D /* Info.plist */ = {isa = PBXFileReference; lastKnownFileType = text.plist.xml; path = Info.plist; sourceTree = "<group>"; };
		05CB09C12326494B004036E6 /* addr_china.json */ = {isa = PBXFileReference; fileEncoding = 4; lastKnownFileType = text.json; path = addr_china.json; sourceTree = "<group>"; };
		05CB09C22326494C004036E6 /* addr_china_selected.json */ = {isa = PBXFileReference; fileEncoding = 4; lastKnownFileType = text.json; path = addr_china_selected.json; sourceTree = "<group>"; };
		05CDEB9A232810FE00424224 /* InformReasonViewController.swift */ = {isa = PBXFileReference; lastKnownFileType = sourcecode.swift; path = InformReasonViewController.swift; sourceTree = "<group>"; };
		05E3C58223004AF700BB8B05 /* LuntanData.swift */ = {isa = PBXFileReference; lastKnownFileType = sourcecode.swift; path = LuntanData.swift; sourceTree = "<group>"; };
		15C42B00886E99ADF178D9E6 /* Pods-BeiBeiWu.debug.xcconfig */ = {isa = PBXFileReference; includeInIndex = 1; lastKnownFileType = text.xcconfig; name = "Pods-BeiBeiWu.debug.xcconfig"; path = "Target Support Files/Pods-BeiBeiWu/Pods-BeiBeiWu.debug.xcconfig"; sourceTree = "<group>"; };
		3C099B84176829EE3B77CD43 /* Pods-BeiBeiWu.release.xcconfig */ = {isa = PBXFileReference; includeInIndex = 1; lastKnownFileType = text.xcconfig; name = "Pods-BeiBeiWu.release.xcconfig"; path = "Target Support Files/Pods-BeiBeiWu/Pods-BeiBeiWu.release.xcconfig"; sourceTree = "<group>"; };
		EF485232730B18E4C7AEA4B8 /* Pods_BeiBeiWu.framework */ = {isa = PBXFileReference; explicitFileType = wrapper.framework; includeInIndex = 0; path = Pods_BeiBeiWu.framework; sourceTree = BUILT_PRODUCTS_DIR; };
/* End PBXFileReference section */

/* Begin PBXFrameworksBuildPhase section */
		05C9B86222E6D6A90075364D /* Frameworks */ = {
			isa = PBXFrameworksBuildPhase;
			buildActionMask = 2147483647;
			files = (
				057B1FE022EB9523000B8811 /* CoreLocation.framework in Frameworks */,
				740B4CAEF0DF76821B768B06 /* Pods_BeiBeiWu.framework in Frameworks */,
				05AAC63D2346AA8F0000C8BB /* RongContactCard.framework in Frameworks */,
			);
			runOnlyForDeploymentPostprocessing = 0;
		};
/* End PBXFrameworksBuildPhase section */

/* Begin PBXGroup section */
		0542B99722E77BED00E1AC34 /* SupportingFile */ = {
			isa = PBXGroup;
			children = (
				05C9B86822E6D6A90075364D /* AppDelegate.swift */,
				05C9B86F22E6D6AA0075364D /* Assets.xcassets */,
				05C9B87122E6D6AA0075364D /* LaunchScreen.storyboard */,
				05115BD722FC9F5A00D7632A /* Bridging-Header.h */,
			);
			path = SupportingFile;
			sourceTree = "<group>";
		};
		0542B99822E77C8600E1AC34 /* StoryBoard */ = {
			isa = PBXGroup;
			children = (
				0542B99922E77CBD00E1AC34 /* Main1.storyboard */,
				0542B99B22E77CCF00E1AC34 /* Main2.storyboard */,
				0542B99D22E77CDD00E1AC34 /* Main3.storyboard */,
				0542B99F22E77CE900E1AC34 /* Main4.storyboard */,
				0542B9A122E77CF400E1AC34 /* Main5.storyboard */,
				05115BC722EF853C00D7632A /* Personal.storyboard */,
			);
			path = StoryBoard;
			sourceTree = "<group>";
		};
		057B1FC822EA8DB3000B8811 /* Main1Controller */ = {
			isa = PBXGroup;
			children = (
				057B1FC922EA8DFA000B8811 /* Main1ViewController.swift */,
				057B1FCB22EA8E18000B8811 /* SignInViewController.swift */,
				057B1FCD22EA8E27000B8811 /* SignUpViewController.swift */,
				057B1FCF22EA8E36000B8811 /* UserSetViewController.swift */,
				053F3EE822ECD760004C4864 /* TableViewCellShenbian.swift */,
				053F3EEA22ECD788004C4864 /* ShenBianData.swift */,
				05115BCB22F031BE00D7632A /* SousuoViewController.swift */,
				05115BCD22F03C5400D7632A /* SousuoResultViewController.swift */,
				05115BCF22F03CBC00D7632A /* SousuoTableViewCell.swift */,
				05115BD122F03CF600D7632A /* SousuoResult.swift */,
				051509C9230DF62B00D7DAEA /* FindPasswordViewController.swift */,
			);
			path = Main1Controller;
			sourceTree = "<group>";
		};
		057B1FD122EA904A000B8811 /* Main2Controller */ = {
			isa = PBXGroup;
			children = (
				057B1FD222EA9072000B8811 /* Main2ViewController.swift */,
				05AAC635233FB44F0000C8BB /* ConversationSettingViewController.swift */,
			);
			path = Main2Controller;
			sourceTree = "<group>";
		};
		057B1FD422EA9083000B8811 /* Main3Controller */ = {
			isa = PBXGroup;
			children = (
				057B1FD522EA9096000B8811 /* Main3ViewController.swift */,
				05115BD322FC1CFE00D7632A /* FriendsData.swift */,
				05115BD522FC1E0F00D7632A /* FriendsTableViewCell.swift */,
				05115BD822FCD4DF00D7632A /* ChatViewController.swift */,
				05115BDC22FE056A00D7632A /* NewFriendViewController.swift */,
				05115BDE22FE076000D7632A /* NewFriendData.swift */,
				05115BE022FE097C00D7632A /* NewFriendTableViewCell.swift */,
				05090C5F23295CF600DAB476 /* BlackListViewController.swift */,
				05090C612329675300DAB476 /* BlackListData.swift */,
				05090C63232967FF00DAB476 /* BlackListTableViewCell.swift */,
			);
			path = Main3Controller;
			sourceTree = "<group>";
		};
		057B1FD722EA909A000B8811 /* Main4Controller */ = {
			isa = PBXGroup;
			children = (
				057B1FD822EA90AE000B8811 /* Main4ViewController.swift */,
				050C87DB22FF12A50019D9B0 /* DongtaiData.swift */,
				050C87D922FEE7040019D9B0 /* DongtaiTableViewCell.swift */,
				050C87D722FE6B2A0019D9B0 /* LuntanViewController.swift */,
				05E3C58223004AF700BB8B05 /* LuntanData.swift */,
				058218942300EA5D0032B86C /* LuntanTableViewCell.swift */,
				05A77F5823016D540010BC83 /* PostlistViewController.swift */,
				05A77F54230168FE0010BC83 /* PostheadTableViewCell.swift */,
				05A77F562301690D0010BC83 /* PostlistTableViewCell.swift */,
				05A57E692301D5F3001BC0F0 /* PostlistData.swift */,
				0522B1182300184B00D710C5 /* FabudongtaiViewController.swift */,
				05025318230201C800E8F3FE /* FabutieziViewController.swift */,
				0502531A230201D700E8F3FE /* FabugentieViewController.swift */,
				05CDEB9A232810FE00424224 /* InformReasonViewController.swift */,
			);
			path = Main4Controller;
			sourceTree = "<group>";
		};
		057B1FDA22EA90B3000B8811 /* Main5Controller */ = {
			isa = PBXGroup;
			children = (
				057B1FDB22EA90ED000B8811 /* Main5ViewController.swift */,
				0512F52F230380F200237ABC /* CircleViewController.swift */,
				0512F531230388B100237ABC /* SawmeViewController.swift */,
				0512F5352303A69000237ABC /* ResetPersonalInfoViewController.swift */,
				0512F5332303A4BE00237ABC /* ResetViewController.swift */,
				0512F5372306748400237ABC /* SettingViewController.swift */,
				05119F262307622F00545CF3 /* BuyvipViewController.swift */,
				05119F282307624D00545CF3 /* BuyvipTableViewCell.swift */,
				05119F2A230762F100545CF3 /* BuyvipData.swift */,
				05090C5D2328F90C00DAB476 /* SomeonesluntanViewController.swift */,
				05090C69232A3CFF00DAB476 /* HelpCenterViewController.swift */,
				055A55AA2339A142008A341D /* PrivateSettingViewController.swift */,
			);
			path = Main5Controller;
			sourceTree = "<group>";
		};
		05C9B85C22E6D6A90075364D = {
			isa = PBXGroup;
			children = (
				05C9B86722E6D6A90075364D /* BeiBeiWu */,
				05C9B86622E6D6A90075364D /* Products */,
				AE928BB114969B16B8CD623B /* Pods */,
				D1907FE0D47A39E8F0BDBD60 /* Frameworks */,
			);
			sourceTree = "<group>";
		};
		05C9B86622E6D6A90075364D /* Products */ = {
			isa = PBXGroup;
			children = (
				05C9B86522E6D6A90075364D /* BeiBeiWu.app */,
			);
			name = Products;
			sourceTree = "<group>";
		};
		05C9B86722E6D6A90075364D /* BeiBeiWu */ = {
			isa = PBXGroup;
			children = (
				05CB09C22326494C004036E6 /* addr_china_selected.json */,
				05CB09C12326494B004036E6 /* addr_china.json */,
				05119F2C230AE30E00545CF3 /* BeiBeiWu.entitlements */,
				057B1FC822EA8DB3000B8811 /* Main1Controller */,
				057B1FD122EA904A000B8811 /* Main2Controller */,
				057B1FD422EA9083000B8811 /* Main3Controller */,
				057B1FD722EA909A000B8811 /* Main4Controller */,
				057B1FDA22EA90B3000B8811 /* Main5Controller */,
				0542B99822E77C8600E1AC34 /* StoryBoard */,
				0542B99722E77BED00E1AC34 /* SupportingFile */,
				05C9B87422E6D6AA0075364D /* Info.plist */,
				057B1FDD22EA99A2000B8811 /* AlterButton.swift */,
				05C9B86A22E6D6A90075364D /* ViewController.swift */,
				05C9B86C22E6D6A90075364D /* Main.storyboard */,
				05115BC922EF855B00D7632A /* PersonalViewController.swift */,
				051FD02A230FD9CF00A374D3 /* PersonalPostViewController.swift */,
				05090C6523298F9B00DAB476 /* Uniquelogin.swift */,
				05090C6B232A3F4A00DAB476 /* SliderWebviewViewController.swift */,
				05AAC63C2346AA8F0000C8BB /* RongContactCard.framework */,
			);
			path = BeiBeiWu;
			sourceTree = "<group>";
		};
		AE928BB114969B16B8CD623B /* Pods */ = {
			isa = PBXGroup;
			children = (
				15C42B00886E99ADF178D9E6 /* Pods-BeiBeiWu.debug.xcconfig */,
				3C099B84176829EE3B77CD43 /* Pods-BeiBeiWu.release.xcconfig */,
			);
			path = Pods;
			sourceTree = "<group>";
		};
		D1907FE0D47A39E8F0BDBD60 /* Frameworks */ = {
			isa = PBXGroup;
			children = (
				0530FD8022EE3B3F00E312D5 /* FSPagerView.framework */,
				057B1FDF22EB9523000B8811 /* CoreLocation.framework */,
				EF485232730B18E4C7AEA4B8 /* Pods_BeiBeiWu.framework */,
			);
			name = Frameworks;
			sourceTree = "<group>";
		};
/* End PBXGroup section */

/* Begin PBXNativeTarget section */
		05C9B86422E6D6A90075364D /* BeiBeiWu */ = {
			isa = PBXNativeTarget;
			buildConfigurationList = 05C9B87722E6D6AA0075364D /* Build configuration list for PBXNativeTarget "BeiBeiWu" */;
			buildPhases = (
				C73C46528BFF769A2A1C9686 /* [CP] Check Pods Manifest.lock */,
				05C9B86122E6D6A90075364D /* Sources */,
				05C9B86222E6D6A90075364D /* Frameworks */,
				05C9B86322E6D6A90075364D /* Resources */,
				46E1D9702BEA4548C2F3921A /* [CP] Embed Pods Frameworks */,
				A34382F64B8A48DF14D5CD9F /* [CP] Copy Pods Resources */,
			);
			buildRules = (
			);
			dependencies = (
			);
			name = BeiBeiWu;
			productName = BeiBeiWu;
			productReference = 05C9B86522E6D6A90075364D /* BeiBeiWu.app */;
			productType = "com.apple.product-type.application";
		};
/* End PBXNativeTarget section */

/* Begin PBXProject section */
		05C9B85D22E6D6A90075364D /* Project object */ = {
			isa = PBXProject;
			attributes = {
				LastSwiftUpdateCheck = 1010;
				LastUpgradeCheck = 1010;
				ORGANIZATIONNAME = "江东";
				TargetAttributes = {
					05C9B86422E6D6A90075364D = {
						CreatedOnToolsVersion = 10.1;
						SystemCapabilities = {
							com.apple.Push = {
								enabled = 1;
							};
						};
					};
				};
			};
			buildConfigurationList = 05C9B86022E6D6A90075364D /* Build configuration list for PBXProject "BeiBeiWu" */;
			compatibilityVersion = "Xcode 9.3";
			developmentRegion = en;
			hasScannedForEncodings = 0;
			knownRegions = (
				en,
				Base,
			);
			mainGroup = 05C9B85C22E6D6A90075364D;
			productRefGroup = 05C9B86622E6D6A90075364D /* Products */;
			projectDirPath = "";
			projectRoot = "";
			targets = (
				05C9B86422E6D6A90075364D /* BeiBeiWu */,
			);
		};
/* End PBXProject section */

/* Begin PBXResourcesBuildPhase section */
		05C9B86322E6D6A90075364D /* Resources */ = {
			isa = PBXResourcesBuildPhase;
			buildActionMask = 2147483647;
			files = (
				05C9B87322E6D6AA0075364D /* LaunchScreen.storyboard in Resources */,
				0542B9A222E77CF400E1AC34 /* Main5.storyboard in Resources */,
				05CB09C42326494C004036E6 /* addr_china_selected.json in Resources */,
				0542B99A22E77CBD00E1AC34 /* Main1.storyboard in Resources */,
				0542B99E22E77CDD00E1AC34 /* Main3.storyboard in Resources */,
				05CB09C32326494C004036E6 /* addr_china.json in Resources */,
				0542B9A022E77CE900E1AC34 /* Main4.storyboard in Resources */,
				05115BC822EF853C00D7632A /* Personal.storyboard in Resources */,
				0542B99C22E77CCF00E1AC34 /* Main2.storyboard in Resources */,
				051FD029230F888400A374D3 /* Assets.xcassets in Resources */,
				05C9B86E22E6D6A90075364D /* Main.storyboard in Resources */,
			);
			runOnlyForDeploymentPostprocessing = 0;
		};
/* End PBXResourcesBuildPhase section */

/* Begin PBXShellScriptBuildPhase section */
		46E1D9702BEA4548C2F3921A /* [CP] Embed Pods Frameworks */ = {
			isa = PBXShellScriptBuildPhase;
			buildActionMask = 2147483647;
			files = (
			);
			inputFileListPaths = (
				"${PODS_ROOT}/Target Support Files/Pods-BeiBeiWu/Pods-BeiBeiWu-frameworks-${CONFIGURATION}-input-files.xcfilelist",
			);
			name = "[CP] Embed Pods Frameworks";
			outputFileListPaths = (
				"${PODS_ROOT}/Target Support Files/Pods-BeiBeiWu/Pods-BeiBeiWu-frameworks-${CONFIGURATION}-output-files.xcfilelist",
			);
			runOnlyForDeploymentPostprocessing = 0;
			shellPath = /bin/sh;
			shellScript = "\"${PODS_ROOT}/Target Support Files/Pods-BeiBeiWu/Pods-BeiBeiWu-frameworks.sh\"\n";
			showEnvVarsInLog = 0;
		};
		A34382F64B8A48DF14D5CD9F /* [CP] Copy Pods Resources */ = {
			isa = PBXShellScriptBuildPhase;
			buildActionMask = 2147483647;
			files = (
			);
			inputFileListPaths = (
				"${PODS_ROOT}/Target Support Files/Pods-BeiBeiWu/Pods-BeiBeiWu-resources-${CONFIGURATION}-input-files.xcfilelist",
			);
			name = "[CP] Copy Pods Resources";
			outputFileListPaths = (
				"${PODS_ROOT}/Target Support Files/Pods-BeiBeiWu/Pods-BeiBeiWu-resources-${CONFIGURATION}-output-files.xcfilelist",
			);
			runOnlyForDeploymentPostprocessing = 0;
			shellPath = /bin/sh;
			shellScript = "\"${PODS_ROOT}/Target Support Files/Pods-BeiBeiWu/Pods-BeiBeiWu-resources.sh\"\n";
			showEnvVarsInLog = 0;
		};
		C73C46528BFF769A2A1C9686 /* [CP] Check Pods Manifest.lock */ = {
			isa = PBXShellScriptBuildPhase;
			buildActionMask = 2147483647;
			files = (
			);
			inputFileListPaths = (
			);
			inputPaths = (
				"${PODS_PODFILE_DIR_PATH}/Podfile.lock",
				"${PODS_ROOT}/Manifest.lock",
			);
			name = "[CP] Check Pods Manifest.lock";
			outputFileListPaths = (
			);
			outputPaths = (
				"$(DERIVED_FILE_DIR)/Pods-BeiBeiWu-checkManifestLockResult.txt",
			);
			runOnlyForDeploymentPostprocessing = 0;
			shellPath = /bin/sh;
			shellScript = "diff \"${PODS_PODFILE_DIR_PATH}/Podfile.lock\" \"${PODS_ROOT}/Manifest.lock\" > /dev/null\nif [ $? != 0 ] ; then\n    # print error to STDERR\n    echo \"error: The sandbox is not in sync with the Podfile.lock. Run 'pod install' or update your CocoaPods installation.\" >&2\n    exit 1\nfi\n# This output is used by Xcode 'outputs' to avoid re-running this script phase.\necho \"SUCCESS\" > \"${SCRIPT_OUTPUT_FILE_0}\"\n";
			showEnvVarsInLog = 0;
		};
/* End PBXShellScriptBuildPhase section */

/* Begin PBXSourcesBuildPhase section */
		05C9B86122E6D6A90075364D /* Sources */ = {
			isa = PBXSourcesBuildPhase;
			buildActionMask = 2147483647;
			files = (
				05AAC63E2346AAAA0000C8BB /* RongContactCard.framework in Sources */,
				05090C6623298F9B00DAB476 /* Uniquelogin.swift in Sources */,
				05115BD222F03CF600D7632A /* SousuoResult.swift in Sources */,
				053F3EEB22ECD788004C4864 /* ShenBianData.swift in Sources */,
				0512F5362303A69000237ABC /* ResetPersonalInfoViewController.swift in Sources */,
				05090C5E2328F90C00DAB476 /* SomeonesluntanViewController.swift in Sources */,
				050C87DA22FEE7040019D9B0 /* DongtaiTableViewCell.swift in Sources */,
				051FD02B230FD9CF00A374D3 /* PersonalPostViewController.swift in Sources */,
				05A77F55230168FE0010BC83 /* PostheadTableViewCell.swift in Sources */,
				05090C6023295CF600DAB476 /* BlackListViewController.swift in Sources */,
				058218952300EA5D0032B86C /* LuntanTableViewCell.swift in Sources */,
				05A57E6A2301D5F3001BC0F0 /* PostlistData.swift in Sources */,
				057B1FD022EA8E36000B8811 /* UserSetViewController.swift in Sources */,
				05090C622329675300DAB476 /* BlackListData.swift in Sources */,
				05115BD622FC1E0F00D7632A /* FriendsTableViewCell.swift in Sources */,
				0522B1192300184B00D710C5 /* FabudongtaiViewController.swift in Sources */,
				0512F530230380F200237ABC /* CircleViewController.swift in Sources */,
				05115BCC22F031BE00D7632A /* SousuoViewController.swift in Sources */,
				057B1FCC22EA8E18000B8811 /* SignInViewController.swift in Sources */,
				05090C6A232A3CFF00DAB476 /* HelpCenterViewController.swift in Sources */,
				057B1FCA22EA8DFA000B8811 /* Main1ViewController.swift in Sources */,
				05090C64232967FF00DAB476 /* BlackListTableViewCell.swift in Sources */,
				0512F5342303A4BE00237ABC /* ResetViewController.swift in Sources */,
				057B1FD622EA9096000B8811 /* Main3ViewController.swift in Sources */,
				051509CA230DF62B00D7DAEA /* FindPasswordViewController.swift in Sources */,
				05C9B86B22E6D6A90075364D /* ViewController.swift in Sources */,
				05115BCA22EF855B00D7632A /* PersonalViewController.swift in Sources */,
				05CDEB9B232810FE00424224 /* InformReasonViewController.swift in Sources */,
				05115BD922FCD4DF00D7632A /* ChatViewController.swift in Sources */,
				05115BDF22FE076000D7632A /* NewFriendData.swift in Sources */,
				053F3EE922ECD760004C4864 /* TableViewCellShenbian.swift in Sources */,
				05115BD422FC1CFE00D7632A /* FriendsData.swift in Sources */,
				05C9B86922E6D6A90075364D /* AppDelegate.swift in Sources */,
				057B1FD322EA9072000B8811 /* Main2ViewController.swift in Sources */,
				05025319230201C800E8F3FE /* FabutieziViewController.swift in Sources */,
				057B1FDE22EA99A2000B8811 /* AlterButton.swift in Sources */,
				0512F532230388B100237ABC /* SawmeViewController.swift in Sources */,
				05115BD022F03CBC00D7632A /* SousuoTableViewCell.swift in Sources */,
				05E3C58323004AF700BB8B05 /* LuntanData.swift in Sources */,
				057B1FDC22EA90ED000B8811 /* Main5ViewController.swift in Sources */,
				05090C6C232A3F4A00DAB476 /* SliderWebviewViewController.swift in Sources */,
				050C87DC22FF12A50019D9B0 /* DongtaiData.swift in Sources */,
				055A55AB2339A142008A341D /* PrivateSettingViewController.swift in Sources */,
				05AAC636233FB44F0000C8BB /* ConversationSettingViewController.swift in Sources */,
				057B1FD922EA90AE000B8811 /* Main4ViewController.swift in Sources */,
				05115BE122FE097C00D7632A /* NewFriendTableViewCell.swift in Sources */,
				05A77F572301690D0010BC83 /* PostlistTableViewCell.swift in Sources */,
				0502531B230201D700E8F3FE /* FabugentieViewController.swift in Sources */,
				05A77F5923016D540010BC83 /* PostlistViewController.swift in Sources */,
				05119F2B230762F100545CF3 /* BuyvipData.swift in Sources */,
				05115BDD22FE056A00D7632A /* NewFriendViewController.swift in Sources */,
				05115BCE22F03C5400D7632A /* SousuoResultViewController.swift in Sources */,
				0512F5382306748400237ABC /* SettingViewController.swift in Sources */,
				05119F292307624D00545CF3 /* BuyvipTableViewCell.swift in Sources */,
				05119F272307622F00545CF3 /* BuyvipViewController.swift in Sources */,
				050C87D822FE6B2A0019D9B0 /* LuntanViewController.swift in Sources */,
				057B1FCE22EA8E27000B8811 /* SignUpViewController.swift in Sources */,
			);
			runOnlyForDeploymentPostprocessing = 0;
		};
/* End PBXSourcesBuildPhase section */

/* Begin PBXVariantGroup section */
		05C9B86C22E6D6A90075364D /* Main.storyboard */ = {
			isa = PBXVariantGroup;
			children = (
				05C9B86D22E6D6A90075364D /* Base */,
			);
			name = Main.storyboard;
			sourceTree = "<group>";
		};
		05C9B87122E6D6AA0075364D /* LaunchScreen.storyboard */ = {
			isa = PBXVariantGroup;
			children = (
				05C9B87222E6D6AA0075364D /* Base */,
			);
			name = LaunchScreen.storyboard;
			sourceTree = "<group>";
		};
/* End PBXVariantGroup section */

/* Begin XCBuildConfiguration section */
		05C9B87522E6D6AA0075364D /* Debug */ = {
			isa = XCBuildConfiguration;
			buildSettings = {
				ALWAYS_SEARCH_USER_PATHS = NO;
				CLANG_ANALYZER_NONNULL = YES;
				CLANG_ANALYZER_NUMBER_OBJECT_CONVERSION = YES_AGGRESSIVE;
				CLANG_CXX_LANGUAGE_STANDARD = "gnu++14";
				CLANG_CXX_LIBRARY = "libc++";
				CLANG_ENABLE_MODULES = YES;
				CLANG_ENABLE_OBJC_ARC = YES;
				CLANG_ENABLE_OBJC_WEAK = YES;
				CLANG_WARN_BLOCK_CAPTURE_AUTORELEASING = YES;
				CLANG_WARN_BOOL_CONVERSION = YES;
				CLANG_WARN_COMMA = YES;
				CLANG_WARN_CONSTANT_CONVERSION = YES;
				CLANG_WARN_DEPRECATED_OBJC_IMPLEMENTATIONS = YES;
				CLANG_WARN_DIRECT_OBJC_ISA_USAGE = YES_ERROR;
				CLANG_WARN_DOCUMENTATION_COMMENTS = YES;
				CLANG_WARN_EMPTY_BODY = YES;
				CLANG_WARN_ENUM_CONVERSION = YES;
				CLANG_WARN_INFINITE_RECURSION = YES;
				CLANG_WARN_INT_CONVERSION = YES;
				CLANG_WARN_NON_LITERAL_NULL_CONVERSION = YES;
				CLANG_WARN_OBJC_IMPLICIT_RETAIN_SELF = YES;
				CLANG_WARN_OBJC_LITERAL_CONVERSION = YES;
				CLANG_WARN_OBJC_ROOT_CLASS = YES_ERROR;
				CLANG_WARN_RANGE_LOOP_ANALYSIS = YES;
				CLANG_WARN_STRICT_PROTOTYPES = YES;
				CLANG_WARN_SUSPICIOUS_MOVE = YES;
				CLANG_WARN_UNGUARDED_AVAILABILITY = YES_AGGRESSIVE;
				CLANG_WARN_UNREACHABLE_CODE = YES;
				CLANG_WARN__DUPLICATE_METHOD_MATCH = YES;
				CODE_SIGN_IDENTITY = "iPhone Developer";
				COPY_PHASE_STRIP = NO;
				DEBUG_INFORMATION_FORMAT = dwarf;
				ENABLE_STRICT_OBJC_MSGSEND = YES;
				ENABLE_TESTABILITY = YES;
				GCC_C_LANGUAGE_STANDARD = gnu11;
				GCC_DYNAMIC_NO_PIC = NO;
				GCC_NO_COMMON_BLOCKS = YES;
				GCC_OPTIMIZATION_LEVEL = 0;
				GCC_PREPROCESSOR_DEFINITIONS = (
					"DEBUG=1",
					"$(inherited)",
				);
				GCC_WARN_64_TO_32_BIT_CONVERSION = YES;
				GCC_WARN_ABOUT_RETURN_TYPE = YES_ERROR;
				GCC_WARN_UNDECLARED_SELECTOR = YES;
				GCC_WARN_UNINITIALIZED_AUTOS = YES_AGGRESSIVE;
				GCC_WARN_UNUSED_FUNCTION = YES;
				GCC_WARN_UNUSED_VARIABLE = YES;
				IPHONEOS_DEPLOYMENT_TARGET = 12.1;
				MTL_ENABLE_DEBUG_INFO = INCLUDE_SOURCE;
				MTL_FAST_MATH = YES;
				ONLY_ACTIVE_ARCH = YES;
				SDKROOT = iphoneos;
				SWIFT_ACTIVE_COMPILATION_CONDITIONS = DEBUG;
				SWIFT_OPTIMIZATION_LEVEL = "-Onone";
			};
			name = Debug;
		};
		05C9B87622E6D6AA0075364D /* Release */ = {
			isa = XCBuildConfiguration;
			buildSettings = {
				ALWAYS_SEARCH_USER_PATHS = NO;
				CLANG_ANALYZER_NONNULL = YES;
				CLANG_ANALYZER_NUMBER_OBJECT_CONVERSION = YES_AGGRESSIVE;
				CLANG_CXX_LANGUAGE_STANDARD = "gnu++14";
				CLANG_CXX_LIBRARY = "libc++";
				CLANG_ENABLE_MODULES = YES;
				CLANG_ENABLE_OBJC_ARC = YES;
				CLANG_ENABLE_OBJC_WEAK = YES;
				CLANG_WARN_BLOCK_CAPTURE_AUTORELEASING = YES;
				CLANG_WARN_BOOL_CONVERSION = YES;
				CLANG_WARN_COMMA = YES;
				CLANG_WARN_CONSTANT_CONVERSION = YES;
				CLANG_WARN_DEPRECATED_OBJC_IMPLEMENTATIONS = YES;
				CLANG_WARN_DIRECT_OBJC_ISA_USAGE = YES_ERROR;
				CLANG_WARN_DOCUMENTATION_COMMENTS = YES;
				CLANG_WARN_EMPTY_BODY = YES;
				CLANG_WARN_ENUM_CONVERSION = YES;
				CLANG_WARN_INFINITE_RECURSION = YES;
				CLANG_WARN_INT_CONVERSION = YES;
				CLANG_WARN_NON_LITERAL_NULL_CONVERSION = YES;
				CLANG_WARN_OBJC_IMPLICIT_RETAIN_SELF = YES;
				CLANG_WARN_OBJC_LITERAL_CONVERSION = YES;
				CLANG_WARN_OBJC_ROOT_CLASS = YES_ERROR;
				CLANG_WARN_RANGE_LOOP_ANALYSIS = YES;
				CLANG_WARN_STRICT_PROTOTYPES = YES;
				CLANG_WARN_SUSPICIOUS_MOVE = YES;
				CLANG_WARN_UNGUARDED_AVAILABILITY = YES_AGGRESSIVE;
				CLANG_WARN_UNREACHABLE_CODE = YES;
				CLANG_WARN__DUPLICATE_METHOD_MATCH = YES;
				CODE_SIGN_IDENTITY = "iPhone Developer";
				COPY_PHASE_STRIP = NO;
				DEBUG_INFORMATION_FORMAT = "dwarf-with-dsym";
				ENABLE_NS_ASSERTIONS = NO;
				ENABLE_STRICT_OBJC_MSGSEND = YES;
				GCC_C_LANGUAGE_STANDARD = gnu11;
				GCC_NO_COMMON_BLOCKS = YES;
				GCC_WARN_64_TO_32_BIT_CONVERSION = YES;
				GCC_WARN_ABOUT_RETURN_TYPE = YES_ERROR;
				GCC_WARN_UNDECLARED_SELECTOR = YES;
				GCC_WARN_UNINITIALIZED_AUTOS = YES_AGGRESSIVE;
				GCC_WARN_UNUSED_FUNCTION = YES;
				GCC_WARN_UNUSED_VARIABLE = YES;
				IPHONEOS_DEPLOYMENT_TARGET = 12.1;
				MTL_ENABLE_DEBUG_INFO = NO;
				MTL_FAST_MATH = YES;
				SDKROOT = iphoneos;
				SWIFT_COMPILATION_MODE = wholemodule;
				SWIFT_OPTIMIZATION_LEVEL = "-O";
				VALIDATE_PRODUCT = YES;
			};
			name = Release;
		};
		05C9B87822E6D6AA0075364D /* Debug */ = {
			isa = XCBuildConfiguration;
			baseConfigurationReference = 15C42B00886E99ADF178D9E6 /* Pods-BeiBeiWu.debug.xcconfig */;
			buildSettings = {
				ASSETCATALOG_COMPILER_APPICON_NAME = AppIcon;
				CODE_SIGN_ENTITLEMENTS = BeiBeiWu/BeiBeiWu.entitlements;
				CODE_SIGN_IDENTITY = "iPhone Developer";
				CODE_SIGN_STYLE = Automatic;
				DEVELOPMENT_TEAM = Y683GGLLBM;
				ENABLE_BITCODE = NO;
				FRAMEWORK_SEARCH_PATHS = (
					"$(inherited)",
					"$(PROJECT_DIR)/BeiBeiWu",
				);
				INFOPLIST_FILE = BeiBeiWu/Info.plist;
				LD_RUNPATH_SEARCH_PATHS = (
					"$(inherited)",
					"@executable_path/Frameworks",
				);
				"OTHER_CPLUSPLUSFLAGS[arch=*]" = "DRUNTIME_IL2CPP=1";
				PRODUCT_BUNDLE_IDENTIFIER = xin.banghua.beiyuan;
				PRODUCT_NAME = "$(TARGET_NAME)";
				PROVISIONING_PROFILE_SPECIFIER = "";
				SWIFT_OBJC_BRIDGING_HEADER = "/Users/jiangdong/Desktop/BeiBeiWu/BeiBeiWu/SupportingFile/Bridging-Header.h";
				SWIFT_OPTIMIZATION_LEVEL = "-Onone";
				SWIFT_VERSION = 4.2;
				TARGETED_DEVICE_FAMILY = "1,2";
			};
			name = Debug;
		};
		05C9B87922E6D6AA0075364D /* Release */ = {
			isa = XCBuildConfiguration;
			baseConfigurationReference = 3C099B84176829EE3B77CD43 /* Pods-BeiBeiWu.release.xcconfig */;
			buildSettings = {
				ASSETCATALOG_COMPILER_APPICON_NAME = AppIcon;
				CODE_SIGN_ENTITLEMENTS = BeiBeiWu/BeiBeiWu.entitlements;
				CODE_SIGN_IDENTITY = "iPhone Developer";
				CODE_SIGN_STYLE = Automatic;
				DEVELOPMENT_TEAM = Y683GGLLBM;
				ENABLE_BITCODE = NO;
				FRAMEWORK_SEARCH_PATHS = (
					"$(inherited)",
					"$(PROJECT_DIR)/BeiBeiWu",
				);
				GCC_OPTIMIZATION_LEVEL = 0;
				INFOPLIST_FILE = BeiBeiWu/Info.plist;
				LD_RUNPATH_SEARCH_PATHS = (
					"$(inherited)",
					"@executable_path/Frameworks",
				);
				"OTHER_CPLUSPLUSFLAGS[arch=*]" = "DRUNTIME_IL2CPP=1";
				PRODUCT_BUNDLE_IDENTIFIER = xin.banghua.beiyuan;
				PRODUCT_NAME = "$(TARGET_NAME)";
				PROVISIONING_PROFILE_SPECIFIER = "";
				SWIFT_OBJC_BRIDGING_HEADER = "/Users/jiangdong/Desktop/BeiBeiWu/BeiBeiWu/SupportingFile/Bridging-Header.h";
				SWIFT_OPTIMIZATION_LEVEL = "-Onone";
				SWIFT_VERSION = 4.2;
				TARGETED_DEVICE_FAMILY = "1,2";
			};
			name = Release;
		};
/* End XCBuildConfiguration section */

/* Begin XCConfigurationList section */
		05C9B86022E6D6A90075364D /* Build configuration list for PBXProject "BeiBeiWu" */ = {
			isa = XCConfigurationList;
			buildConfigurations = (
				05C9B87522E6D6AA0075364D /* Debug */,
				05C9B87622E6D6AA0075364D /* Release */,
			);
			defaultConfigurationIsVisible = 0;
			defaultConfigurationName = Release;
		};
		05C9B87722E6D6AA0075364D /* Build configuration list for PBXNativeTarget "BeiBeiWu" */ = {
			isa = XCConfigurationList;
			buildConfigurations = (
				05C9B87822E6D6AA0075364D /* Debug */,
				05C9B87922E6D6AA0075364D /* Release */,
			);
			defaultConfigurationIsVisible = 0;
			defaultConfigurationName = Release;
		};
/* End XCConfigurationList section */
	};
	rootObject = 05C9B85D22E6D6A90075364D /* Project object */;
}
